
Microsoft Visual Studio Solution File, Format Version 12.00
# Visual Studio Version 17
VisualStudioVersion = 17.9.34728.123
MinimumVisualStudioVersion = 10.0.40219.1
Project("{FAE04EC0-301F-11D3-BF4B-00C04F79EFBC}") = "SparkReport.NET", "SparkReport.NET.csproj", "{12139397-A149-48E5-896C-C66C95D093CA}"
EndProject
Global
	GlobalSection(SolutionConfigurationPlatforms) = preSolution
		Debug|Any CPU = Debug|Any CPU
		Release|Any CPU = Release|Any CPU
	EndGlobalSection
	GlobalSection(ProjectConfigurationPlatforms) = postSolution
		{12139397-A149-48E5-896C-C66C95D093CA}.Debug|Any CPU.ActiveCfg = Debug|Any CPU
		{12139397-A149-48E5-896C-C66C95D093CA}.Debug|Any CPU.Build.0 = Debug|Any CPU
		{12139397-A149-48E5-896C-C66C95D093CA}.Release|Any CPU.ActiveCfg = Release|Any CPU
		{12139397-A149-48E5-896C-C66C95D093CA}.Release|Any CPU.Build.0 = Release|Any CPU
	EndGlobalSection
	GlobalSection(SolutionProperties) = preSolution
		HideSolutionNode = FALSE
	EndGlobalSection
	GlobalSection(ExtensibilityGlobals) = postSolution
		SolutionGuid = {25F9C75A-0864-4541-9B7D-4DA1A622379C}
	EndGlobalSection
EndGlobal
